// !$*UTF8*$!
{
	archiveVersion = 1;
	classes = {
	};
	objectVersion = 46;
	objects = {

/* Begin PBXBuildFile section */
		7C717DFE1D3AA11F00A174A3 /* main.m in Sources */ = {isa = PBXBuildFile; fileRef = 7C717DFD1D3AA11F00A174A3 /* main.m */; };
		7C717E011D3AA11F00A174A3 /* AppDelegate.m in Sources */ = {isa = PBXBuildFile; fileRef = 7C717E001D3AA11F00A174A3 /* AppDelegate.m */; };
		7C717E071D3AA11F00A174A3 /* Main.storyboard in Resources */ = {isa = PBXBuildFile; fileRef = 7C717E051D3AA11F00A174A3 /* Main.storyboard */; };
		7C717E091D3AA11F00A174A3 /* Assets.xcassets in Resources */ = {isa = PBXBuildFile; fileRef = 7C717E081D3AA11F00A174A3 /* Assets.xcassets */; };
		7C717E0C1D3AA11F00A174A3 /* LaunchScreen.storyboard in Resources */ = {isa = PBXBuildFile; fileRef = 7C717E0A1D3AA11F00A174A3 /* LaunchScreen.storyboard */; };
		7C717E171D3AA11F00A174A3 /* Insta_KiloTests.m in Sources */ = {isa = PBXBuildFile; fileRef = 7C717E161D3AA11F00A174A3 /* Insta_KiloTests.m */; };
		7C717E221D3AA11F00A174A3 /* Insta_KiloUITests.m in Sources */ = {isa = PBXBuildFile; fileRef = 7C717E211D3AA11F00A174A3 /* Insta_KiloUITests.m */; };
		7C717E311D3AA22600A174A3 /* CustomCollectionViewCell.m in Sources */ = {isa = PBXBuildFile; fileRef = 7C717E301D3AA22600A174A3 /* CustomCollectionViewCell.m */; };
		7C717E341D3AA2C900A174A3 /* Photo.m in Sources */ = {isa = PBXBuildFile; fileRef = 7C717E331D3AA2C900A174A3 /* Photo.m */; };
		7C717E371D3AA41D00A174A3 /* CustomCollectionViewController.m in Sources */ = {isa = PBXBuildFile; fileRef = 7C717E361D3AA41D00A174A3 /* CustomCollectionViewController.m */; };
		7C717E3D1D3B1EE300A174A3 /* HeaderCollectionReusableView.m in Sources */ = {isa = PBXBuildFile; fileRef = 7C717E3C1D3B1EE300A174A3 /* HeaderCollectionReusableView.m */; };
/* End PBXBuildFile section */

/* Begin PBXContainerItemProxy section */
		7C717E131D3AA11F00A174A3 /* PBXContainerItemProxy */ = {
			isa = PBXContainerItemProxy;
			containerPortal = 7C717DF11D3AA11F00A174A3 /* Project object */;
			proxyType = 1;
			remoteGlobalIDString = 7C717DF81D3AA11F00A174A3;
			remoteInfo = "Insta-Kilo";
		};
		7C717E1E1D3AA11F00A174A3 /* PBXContainerItemProxy */ = {
			isa = PBXContainerItemProxy;
			containerPortal = 7C717DF11D3AA11F00A174A3 /* Project object */;
			proxyType = 1;
			remoteGlobalIDString = 7C717DF81D3AA11F00A174A3;
			remoteInfo = "Insta-Kilo";
		};
/* End PBXContainerItemProxy section */

/* Begin PBXFileReference section */
		7C717DF91D3AA11F00A174A3 /* Insta-Kilo.app */ = {isa = PBXFileReference; explicitFileType = wrapper.application; includeInIndex = 0; path = "Insta-Kilo.app"; sourceTree = BUILT_PRODUCTS_DIR; };
		7C717DFD1D3AA11F00A174A3 /* main.m */ = {isa = PBXFileReference; lastKnownFileType = sourcecode.c.objc; path = main.m; sourceTree = "<group>"; };
		7C717DFF1D3AA11F00A174A3 /* AppDelegate.h */ = {isa = PBXFileReference; lastKnownFileType = sourcecode.c.h; path = AppDelegate.h; sourceTree = "<group>"; };
		7C717E001D3AA11F00A174A3 /* AppDelegate.m */ = {isa = PBXFileReference; lastKnownFileType = sourcecode.c.objc; path = AppDelegate.m; sourceTree = "<group>"; };
		7C717E061D3AA11F00A174A3 /* Base */ = {isa = PBXFileReference; lastKnownFileType = file.storyboard; name = Base; path = Base.lproj/Main.storyboard; sourceTree = "<group>"; };
		7C717E081D3AA11F00A174A3 /* Assets.xcassets */ = {isa = PBXFileReference; lastKnownFileType = folder.assetcatalog; path = Assets.xcassets; sourceTree = "<group>"; };
		7C717E0B1D3AA11F00A174A3 /* Base */ = {isa = PBXFileReference; lastKnownFileType = file.storyboard; name = Base; path = Base.lproj/LaunchScreen.storyboard; sourceTree = "<group>"; };
		7C717E0D1D3AA11F00A174A3 /* Info.plist */ = {isa = PBXFileReference; lastKnownFileType = text.plist.xml; path = Info.plist; sourceTree = "<group>"; };
		7C717E121D3AA11F00A174A3 /* Insta-KiloTests.xctest */ = {isa = PBXFileReference; explicitFileType = wrapper.cfbundle; includeInIndex = 0; path = "Insta-KiloTests.xctest"; sourceTree = BUILT_PRODUCTS_DIR; };
		7C717E161D3AA11F00A174A3 /* Insta_KiloTests.m */ = {isa = PBXFileReference; lastKnownFileType = sourcecode.c.objc; path = Insta_KiloTests.m; sourceTree = "<group>"; };
		7C717E181D3AA11F00A174A3 /* Info.plist */ = {isa = PBXFileReference; lastKnownFileType = text.plist.xml; path = Info.plist; sourceTree = "<group>"; };
		7C717E1D1D3AA11F00A174A3 /* Insta-KiloUITests.xctest */ = {isa = PBXFileReference; explicitFileType = wrapper.cfbundle; includeInIndex = 0; path = "Insta-KiloUITests.xctest"; sourceTree = BUILT_PRODUCTS_DIR; };
		7C717E211D3AA11F00A174A3 /* Insta_KiloUITests.m */ = {isa = PBXFileReference; lastKnownFileType = sourcecode.c.objc; path = Insta_KiloUITests.m; sourceTree = "<group>"; };
		7C717E231D3AA11F00A174A3 /* Info.plist */ = {isa = PBXFileReference; lastKnownFileType = text.plist.xml; path = Info.plist; sourceTree = "<group>"; };
		7C717E2F1D3AA22600A174A3 /* CustomCollectionViewCell.h */ = {isa = PBXFileReference; fileEncoding = 4; lastKnownFileType = sourcecode.c.h; path = CustomCollectionViewCell.h; sourceTree = "<group>"; };
		7C717E301D3AA22600A174A3 /* CustomCollectionViewCell.m */ = {isa = PBXFileReference; fileEncoding = 4; lastKnownFileType = sourcecode.c.objc; path = CustomCollectionViewCell.m; sourceTree = "<group>"; };
		7C717E321D3AA2C900A174A3 /* Photo.h */ = {isa = PBXFileReference; fileEncoding = 4; lastKnownFileType = sourcecode.c.h; path = Photo.h; sourceTree = "<group>"; };
		7C717E331D3AA2C900A174A3 /* Photo.m */ = {isa = PBXFileReference; fileEncoding = 4; lastKnownFileType = sourcecode.c.objc; path = Photo.m; sourceTree = "<group>"; };
		7C717E351D3AA41D00A174A3 /* CustomCollectionViewController.h */ = {isa = PBXFileReference; fileEncoding = 4; lastKnownFileType = sourcecode.c.h; path = CustomCollectionViewController.h; sourceTree = "<group>"; };
		7C717E361D3AA41D00A174A3 /* CustomCollectionViewController.m */ = {isa = PBXFileReference; fileEncoding = 4; lastKnownFileType = sourcecode.c.objc; path = CustomCollectionViewController.m; sourceTree = "<group>"; };
		7C717E3B1D3B1EE300A174A3 /* HeaderCollectionReusableView.h */ = {isa = PBXFileReference; fileEncoding = 4; lastKnownFileType = sourcecode.c.h; path = HeaderCollectionReusableView.h; sourceTree = "<group>"; };
		7C717E3C1D3B1EE300A174A3 /* HeaderCollectionReusableView.m */ = {isa = PBXFileReference; fileEncoding = 4; lastKnownFileType = sourcecode.c.objc; path = HeaderCollectionReusableView.m; sourceTree = "<group>"; };
/* End PBXFileReference section */

/* Begin PBXFrameworksBuildPhase section */
		7C717DF61D3AA11F00A174A3 /* Frameworks */ = {
			isa = PBXFrameworksBuildPhase;
			buildActionMask = 2147483647;
			files = (
			);
			runOnlyForDeploymentPostprocessing = 0;
		};
		7C717E0F1D3AA11F00A174A3 /* Frameworks */ = {
			isa = PBXFrameworksBuildPhase;
			buildActionMask = 2147483647;
			files = (
			);
			runOnlyForDeploymentPostprocessing = 0;
		};
		7C717E1A1D3AA11F00A174A3 /* Frameworks */ = {
			isa = PBXFrameworksBuildPhase;
			buildActionMask = 2147483647;
			files = (
			);
			runOnlyForDeploymentPostprocessing = 0;
		};
/* End PBXFrameworksBuildPhase section */

/* Begin PBXGroup section */
		7C717DF01D3AA11F00A174A3 = {
			isa = PBXGroup;
			children = (
				7C717DFB1D3AA11F00A174A3 /* Insta-Kilo */,
				7C717E151D3AA11F00A174A3 /* Insta-KiloTests */,
				7C717E201D3AA11F00A174A3 /* Insta-KiloUITests */,
				7C717DFA1D3AA11F00A174A3 /* Products */,
			);
			sourceTree = "<group>";
		};
		7C717DFA1D3AA11F00A174A3 /* Products */ = {
			isa = PBXGroup;
			children = (
				7C717DF91D3AA11F00A174A3 /* Insta-Kilo.app */,
				7C717E121D3AA11F00A174A3 /* Insta-KiloTests.xctest */,
				7C717E1D1D3AA11F00A174A3 /* Insta-KiloUITests.xctest */,
			);
			name = Products;
			sourceTree = "<group>";
		};
		7C717DFB1D3AA11F00A174A3 /* Insta-Kilo */ = {
			isa = PBXGroup;
			children = (
				7C717DFF1D3AA11F00A174A3 /* AppDelegate.h */,
				7C717E001D3AA11F00A174A3 /* AppDelegate.m */,
				7C717E351D3AA41D00A174A3 /* CustomCollectionViewController.h */,
				7C717E361D3AA41D00A174A3 /* CustomCollectionViewController.m */,
				7C717E2F1D3AA22600A174A3 /* CustomCollectionViewCell.h */,
				7C717E301D3AA22600A174A3 /* CustomCollectionViewCell.m */,
				7C717E051D3AA11F00A174A3 /* Main.storyboard */,
				7C717E3B1D3B1EE300A174A3 /* HeaderCollectionReusableView.h */,
				7C717E3C1D3B1EE300A174A3 /* HeaderCollectionReusableView.m */,
				7C717E321D3AA2C900A174A3 /* Photo.h */,
				7C717E331D3AA2C900A174A3 /* Photo.m */,
				7C717E081D3AA11F00A174A3 /* Assets.xcassets */,
				7C717E0A1D3AA11F00A174A3 /* LaunchScreen.storyboard */,
				7C717E0D1D3AA11F00A174A3 /* Info.plist */,
				7C717DFC1D3AA11F00A174A3 /* Supporting Files */,
			);
			path = "Insta-Kilo";
			sourceTree = "<group>";
		};
		7C717DFC1D3AA11F00A174A3 /* Supporting Files */ = {
			isa = PBXGroup;
			children = (
				7C717DFD1D3AA11F00A174A3 /* main.m */,
			);
			name = "Supporting Files";
			sourceTree = "<group>";
		};
		7C717E151D3AA11F00A174A3 /* Insta-KiloTests */ = {
			isa = PBXGroup;
			children = (
				7C717E161D3AA11F00A174A3 /* Insta_KiloTests.m */,
				7C717E181D3AA11F00A174A3 /* Info.plist */,
			);
			path = "Insta-KiloTests";
			sourceTree = "<group>";
		};
		7C717E201D3AA11F00A174A3 /* Insta-KiloUITests */ = {
			isa = PBXGroup;
			children = (
				7C717E211D3AA11F00A174A3 /* Insta_KiloUITests.m */,
				7C717E231D3AA11F00A174A3 /* Info.plist */,
			);
			path = "Insta-KiloUITests";
			sourceTree = "<group>";
		};
/* End PBXGroup section */

/* Begin PBXNativeTarget section */
		7C717DF81D3AA11F00A174A3 /* Insta-Kilo */ = {
			isa = PBXNativeTarget;
			buildConfigurationList = 7C717E261D3AA11F00A174A3 /* Build configuration list for PBXNativeTarget "Insta-Kilo" */;
			buildPhases = (
				7C717DF51D3AA11F00A174A3 /* Sources */,
				7C717DF61D3AA11F00A174A3 /* Frameworks */,
				7C717DF71D3AA11F00A174A3 /* Resources */,
			);
			buildRules = (
			);
			dependencies = (
			);
			name = "Insta-Kilo";
			productName = "Insta-Kilo";
			productReference = 7C717DF91D3AA11F00A174A3 /* Insta-Kilo.app */;
			productType = "com.apple.product-type.application";
		};
		7C717E111D3AA11F00A174A3 /* Insta-KiloTests */ = {
			isa = PBXNativeTarget;
			buildConfigurationList = 7C717E291D3AA11F00A174A3 /* Build configuration list for PBXNativeTarget "Insta-KiloTests" */;
			buildPhases = (
				7C717E0E1D3AA11F00A174A3 /* Sources */,
				7C717E0F1D3AA11F00A174A3 /* Frameworks */,
				7C717E101D3AA11F00A174A3 /* Resources */,
			);
			buildRules = (
			);
			dependencies = (
				7C717E141D3AA11F00A174A3 /* PBXTargetDependency */,
			);
			name = "Insta-KiloTests";
			productName = "Insta-KiloTests";
			productReference = 7C717E121D3AA11F00A174A3 /* Insta-KiloTests.xctest */;
			productType = "com.apple.product-type.bundle.unit-test";
		};
		7C717E1C1D3AA11F00A174A3 /* Insta-KiloUITests */ = {
			isa = PBXNativeTarget;
			buildConfigurationList = 7C717E2C1D3AA11F00A174A3 /* Build configuration list for PBXNativeTarget "Insta-KiloUITests" */;
			buildPhases = (
				7C717E191D3AA11F00A174A3 /* Sources */,
				7C717E1A1D3AA11F00A174A3 /* Frameworks */,
				7C717E1B1D3AA11F00A174A3 /* Resources */,
			);
			buildRules = (
			);
			dependencies = (
				7C717E1F1D3AA11F00A174A3 /* PBXTargetDependency */,
			);
			name = "Insta-KiloUITests";
			productName = "Insta-KiloUITests";
			productReference = 7C717E1D1D3AA11F00A174A3 /* Insta-KiloUITests.xctest */;
			productType = "com.apple.product-type.bundle.ui-testing";
		};
/* End PBXNativeTarget section */

/* Begin PBXProject section */
		7C717DF11D3AA11F00A174A3 /* Project object */ = {
			isa = PBXProject;
			attributes = {
				LastUpgradeCheck = 0730;
				ORGANIZATIONNAME = "LightHouse Labs";
				TargetAttributes = {
					7C717DF81D3AA11F00A174A3 = {
						CreatedOnToolsVersion = 7.3.1;
						DevelopmentTeam = 256HHE87HY;
					};
					7C717E111D3AA11F00A174A3 = {
						CreatedOnToolsVersion = 7.3.1;
						TestTargetID = 7C717DF81D3AA11F00A174A3;
					};
					7C717E1C1D3AA11F00A174A3 = {
						CreatedOnToolsVersion = 7.3.1;
						TestTargetID = 7C717DF81D3AA11F00A174A3;
					};
				};
			};
			buildConfigurationList = 7C717DF41D3AA11F00A174A3 /* Build configuration list for PBXProject "Insta-Kilo" */;
			compatibilityVersion = "Xcode 3.2";
			developmentRegion = English;
			hasScannedForEncodings = 0;
			knownRegions = (
				en,
				Base,
			);
			mainGroup = 7C717DF01D3AA11F00A174A3;
			productRefGroup = 7C717DFA1D3AA11F00A174A3 /* Products */;
			projectDirPath = "";
			projectRoot = "";
			targets = (
				7C717DF81D3AA11F00A174A3 /* Insta-Kilo */,
				7C717E111D3AA11F00A174A3 /* Insta-KiloTests */,
				7C717E1C1D3AA11F00A174A3 /* Insta-KiloUITests */,
			);
		};
/* End PBXProject section */

/* Begin PBXResourcesBuildPhase section */
		7C717DF71D3AA11F00A174A3 /* Resources */ = {
			isa = PBXResourcesBuildPhase;
			buildActionMask = 2147483647;
			files = (
				7C717E0C1D3AA11F00A174A3 /* LaunchScreen.storyboard in Resources */,
				7C717E091D3AA11F00A174A3 /* Assets.xcassets in Resources */,
				7C717E071D3AA11F00A174A3 /* Main.storyboard in Resources */,
			);
			runOnlyForDeploymentPostprocessing = 0;
		};
		7C717E101D3AA11F00A174A3 /* Resources */ = {
			isa = PBXResourcesBuildPhase;
			buildActionMask = 2147483647;
			files = (
			);
			runOnlyForDeploymentPostprocessing = 0;
		};
		7C717E1B1D3AA11F00A174A3 /* Resources */ = {
			isa = PBXResourcesBuildPhase;
			buildActionMask = 2147483647;
			files = (
			);
			runOnlyForDeploymentPostprocessing = 0;
		};
/* End PBXResourcesBuildPhase section */

/* Begin PBXSourcesBuildPhase section */
		7C717DF51D3AA11F00A174A3 /* Sources */ = {
			isa = PBXSourcesBuildPhase;
			buildActionMask = 2147483647;
			files = (
				7C717E3D1D3B1EE300A174A3 /* HeaderCollectionReusableView.m in Sources */,
				7C717E011D3AA11F00A174A3 /* AppDelegate.m in Sources */,
				7C717DFE1D3AA11F00A174A3 /* main.m in Sources */,
				7C717E341D3AA2C900A174A3 /* Photo.m in Sources */,
				7C717E371D3AA41D00A174A3 /* CustomCollectionViewController.m in Sources */,
				7C717E311D3AA22600A174A3 /* CustomCollectionViewCell.m in Sources */,
			);
			runOnlyForDeploymentPostprocessing = 0;
		};
		7C717E0E1D3AA11F00A174A3 /* Sources */ = {
			isa = PBXSourcesBuildPhase;
			buildActionMask = 2147483647;
			files = (
				7C717E171D3AA11F00A174A3 /* Insta_KiloTests.m in Sources */,
			);
			runOnlyForDeploymentPostprocessing = 0;
		};
		7C717E191D3AA11F00A174A3 /* Sources */ = {
			isa = PBXSourcesBuildPhase;
			buildActionMask = 2147483647;
			files = (
				7C717E221D3AA11F00A174A3 /* Insta_KiloUITests.m in Sources */,
			);
			runOnlyForDeploymentPostprocessing = 0;
		};
/* End PBXSourcesBuildPhase section */

/* Begin PBXTargetDependency section */
		7C717E141D3AA11F00A174A3 /* PBXTargetDependency */ = {
			isa = PBXTargetDependency;
			target = 7C717DF81D3AA11F00A174A3 /* Insta-Kilo */;
			targetProxy = 7C717E131D3AA11F00A174A3 /* PBXContainerItemProxy */;
		};
		7C717E1F1D3AA11F00A174A3 /* PBXTargetDependency */ = {
			isa = PBXTargetDependency;
			target = 7C717DF81D3AA11F00A174A3 /* Insta-Kilo */;
			targetProxy = 7C717E1E1D3AA11F00A174A3 /* PBXContainerItemProxy */;
		};
/* End PBXTargetDependency section */

/* Begin PBXVariantGroup section */
		7C717E051D3AA11F00A174A3 /* Main.storyboard */ = {
			isa = PBXVariantGroup;
			children = (
				7C717E061D3AA11F00A174A3 /* Base */,
			);
			name = Main.storyboard;
			sourceTree = "<group>";
		};
		7C717E0A1D3AA11F00A174A3 /* LaunchScreen.storyboard */ = {
			isa = PBXVariantGroup;
			children = (
				7C717E0B1D3AA11F00A174A3 /* Base */,
			);
			name = LaunchScreen.storyboard;
			sourceTree = "<group>";
		};
/* End PBXVariantGroup section */

/* Begin XCBuildConfiguration section */
		7C717E241D3AA11F00A174A3 /* Debug */ = {
			isa = XCBuildConfiguration;
			buildSettings = {
				ALWAYS_SEARCH_USER_PATHS = NO;
				CLANG_ANALYZER_NONNULL = YES;
				CLANG_CXX_LANGUAGE_STANDARD = "gnu++0x";
				CLANG_CXX_LIBRARY = "libc++";
				CLANG_ENABLE_MODULES = YES;
				CLANG_ENABLE_OBJC_ARC = YES;
				CLANG_WARN_BOOL_CONVERSION = YES;
				CLANG_WARN_CONSTANT_CONVERSION = YES;
				CLANG_WARN_DIRECT_OBJC_ISA_USAGE = YES_ERROR;
				CLANG_WARN_EMPTY_BODY = YES;
				CLANG_WARN_ENUM_CONVERSION = YES;
				CLANG_WARN_INT_CONVERSION = YES;
				CLANG_WARN_OBJC_ROOT_CLASS = YES_ERROR;
				CLANG_WARN_UNREACHABLE_CODE = YES;
				CLANG_WARN__DUPLICATE_METHOD_MATCH = YES;
				"CODE_SIGN_IDENTITY[sdk=iphoneos*]" = "iPhone Developer";
				COPY_PHASE_STRIP = NO;
				DEBUG_INFORMATION_FORMAT = dwarf;
				ENABLE_STRICT_OBJC_MSGSEND = YES;
				ENABLE_TESTABILITY = YES;
				GCC_C_LANGUAGE_STANDARD = gnu99;
				GCC_DYNAMIC_NO_PIC = NO;
				GCC_NO_COMMON_BLOCKS = YES;
				GCC_OPTIMIZATION_LEVEL = 0;
				GCC_PREPROCESSOR_DEFINITIONS = (
					"DEBUG=1",
					"$(inherited)",
				);
				GCC_WARN_64_TO_32_BIT_CONVERSION = YES;
				GCC_WARN_ABOUT_RETURN_TYPE = YES_ERROR;
				GCC_WARN_UNDECLARED_SELECTOR = YES;
				GCC_WARN_UNINITIALIZED_AUTOS = YES_AGGRESSIVE;
				GCC_WARN_UNUSED_FUNCTION = YES;
				GCC_WARN_UNUSED_VARIABLE = YES;
				IPHONEOS_DEPLOYMENT_TARGET = 9.3;
				MTL_ENABLE_DEBUG_INFO = YES;
				ONLY_ACTIVE_ARCH = YES;
				SDKROOT = iphoneos;
			};
			name = Debug;
		};
		7C717E251D3AA11F00A174A3 /* Release */ = {
			isa = XCBuildConfiguration;
			buildSettings = {
				ALWAYS_SEARCH_USER_PATHS = NO;
				CLANG_ANALYZER_NONNULL = YES;
				CLANG_CXX_LANGUAGE_STANDARD = "gnu++0x";
				CLANG_CXX_LIBRARY = "libc++";
				CLANG_ENABLE_MODULES = YES;
				CLANG_ENABLE_OBJC_ARC = YES;
				CLANG_WARN_BOOL_CONVERSION = YES;
				CLANG_WARN_CONSTANT_CONVERSION = YES;
				CLANG_WARN_DIRECT_OBJC_ISA_USAGE = YES_ERROR;
				CLANG_WARN_EMPTY_BODY = YES;
				CLANG_WARN_ENUM_CONVERSION = YES;
				CLANG_WARN_INT_CONVERSION = YES;
				CLANG_WARN_OBJC_ROOT_CLASS = YES_ERROR;
				CLANG_WARN_UNREACHABLE_CODE = YES;
				CLANG_WARN__DUPLICATE_METHOD_MATCH = YES;
				"CODE_SIGN_IDENTITY[sdk=iphoneos*]" = "iPhone Developer";
				COPY_PHASE_STRIP = NO;
				DEBUG_INFORMATION_FORMAT = "dwarf-with-dsym";
				ENABLE_NS_ASSERTIONS = NO;
				ENABLE_STRICT_OBJC_MSGSEND = YES;
				GCC_C_LANGUAGE_STANDARD = gnu99;
				GCC_NO_COMMON_BLOCKS = YES;
				GCC_WARN_64_TO_32_BIT_CONVERSION = YES;
				GCC_WARN_ABOUT_RETURN_TYPE = YES_ERROR;
				GCC_WARN_UNDECLARED_SELECTOR = YES;
				GCC_WARN_UNINITIALIZED_AUTOS = YES_AGGRESSIVE;
				GCC_WARN_UNUSED_FUNCTION = YES;
				GCC_WARN_UNUSED_VARIABLE = YES;
				IPHONEOS_DEPLOYMENT_TARGET = 9.3;
				MTL_ENABLE_DEBUG_INFO = NO;
				SDKROOT = iphoneos;
				VALIDATE_PRODUCT = YES;
			};
			name = Release;
		};
		7C717E271D3AA11F00A174A3 /* Debug */ = {
			isa = XCBuildConfiguration;
			buildSettings = {
				ASSETCATALOG_COMPILER_APPICON_NAME = AppIcon;
				CODE_SIGN_IDENTITY = "iPhone Developer";
				"CODE_SIGN_IDENTITY[sdk=iphoneos*]" = "iPhone Developer";
				INFOPLIST_FILE = "Insta-Kilo/Info.plist";
				LD_RUNPATH_SEARCH_PATHS = "$(inherited) @executable_path/Frameworks";
				PRODUCT_BUNDLE_IDENTIFIER = "VivianeChan.Insta-Kilo";
				PRODUCT_NAME = "$(TARGET_NAME)";
				PROVISIONING_PROFILE = "";
			};
			name = Debug;
		};
		7C717E281D3AA11F00A174A3 /* Release */ = {
			isa = XCBuildConfiguration;
			buildSettings = {
				ASSETCATALOG_COMPILER_APPICON_NAME = AppIcon;
				CODE_SIGN_IDENTITY = "iPhone Developer";
				"CODE_SIGN_IDENTITY[sdk=iphoneos*]" = "iPhone Developer";
				INFOPLIST_FILE = "Insta-Kilo/Info.plist";
				LD_RUNPATH_SEARCH_PATHS = "$(inherited) @executable_path/Frameworks";
				PRODUCT_BUNDLE_IDENTIFIER = "VivianeChan.Insta-Kilo";
				PRODUCT_NAME = "$(TARGET_NAME)";
				PROVISIONING_PROFILE = "";
			};
			name = Release;
		};
		7C717E2A1D3AA11F00A174A3 /* Debug */ = {
			isa = XCBuildConfiguration;
			buildSettings = {
				BUNDLE_LOADER = "$(TEST_HOST)";
				INFOPLIST_FILE = "Insta-KiloTests/Info.plist";
				LD_RUNPATH_SEARCH_PATHS = "$(inherited) @executable_path/Frameworks @loader_path/Frameworks";
				PRODUCT_BUNDLE_IDENTIFIER = "VivianeChan.Insta-KiloTests";
				PRODUCT_NAME = "$(TARGET_NAME)";
				TEST_HOST = "$(BUILT_PRODUCTS_DIR)/Insta-Kilo.app/Insta-Kilo";
			};
			name = Debug;
		};
		7C717E2B1D3AA11F00A174A3 /* Release */ = {
			isa = XCBuildConfiguration;
			buildSettings = {
				BUNDLE_LOADER = "$(TEST_HOST)";
				INFOPLIST_FILE = "Insta-KiloTests/Info.plist";
				LD_RUNPATH_SEARCH_PATHS = "$(inherited) @executable_path/Frameworks @loader_path/Frameworks";
				PRODUCT_BUNDLE_IDENTIFIER = "VivianeChan.Insta-KiloTests";
				PRODUCT_NAME = "$(TARGET_NAME)";
				TEST_HOST = "$(BUILT_PRODUCTS_DIR)/Insta-Kilo.app/Insta-Kilo";
			};
			name = Release;
		};
		7C717E2D1D3AA11F00A174A3 /* Debug */ = {
			isa = XCBuildConfiguration;
			buildSettings = {
				INFOPLIST_FILE = "Insta-KiloUITests/Info.plist";
				LD_RUNPATH_SEARCH_PATHS = "$(inherited) @executable_path/Frameworks @loader_path/Frameworks";
				PRODUCT_BUNDLE_IDENTIFIER = "VivianeChan.Insta-KiloUITests";
				PRODUCT_NAME = "$(TARGET_NAME)";
				TEST_TARGET_NAME = "Insta-Kilo";
			};
			name = Debug;
		};
		7C717E2E1D3AA11F00A174A3 /* Release */ = {
			isa = XCBuildConfiguration;
			buildSettings = {
				INFOPLIST_FILE = "Insta-KiloUITests/Info.plist";
				LD_RUNPATH_SEARCH_PATHS = "$(inherited) @executable_path/Frameworks @loader_path/Frameworks";
				PRODUCT_BUNDLE_IDENTIFIER = "VivianeChan.Insta-KiloUITests";
				PRODUCT_NAME = "$(TARGET_NAME)";
				TEST_TARGET_NAME = "Insta-Kilo";
			};
			name = Release;
		};
/* End XCBuildConfiguration section */

/* Begin XCConfigurationList section */
		7C717DF41D3AA11F00A174A3 /* Build configuration list for PBXProject "Insta-Kilo" */ = {
			isa = XCConfigurationList;
			buildConfigurations = (
				7C717E241D3AA11F00A174A3 /* Debug */,
				7C717E251D3AA11F00A174A3 /* Release */,
			);
			defaultConfigurationIsVisible = 0;
			defaultConfigurationName = Release;
		};
		7C717E261D3AA11F00A174A3 /* Build configuration list for PBXNativeTarget "Insta-Kilo" */ = {
			isa = XCConfigurationList;
			buildConfigurations = (
				7C717E271D3AA11F00A174A3 /* Debug */,
				7C717E281D3AA11F00A174A3 /* Release */,
			);
			defaultConfigurationIsVisible = 0;
		};
		7C717E291D3AA11F00A174A3 /* Build configuration list for PBXNativeTarget "Insta-KiloTests" */ = {
			isa = XCConfigurationList;
			buildConfigurations = (
				7C717E2A1D3AA11F00A174A3 /* Debug */,
				7C717E2B1D3AA11F00A174A3 /* Release */,
			);
			defaultConfigurationIsVisible = 0;
		};
		7C717E2C1D3AA11F00A174A3 /* Build configuration list for PBXNativeTarget "Insta-KiloUITests" */ = {
			isa = XCConfigurationList;
			buildConfigurations = (
				7C717E2D1D3AA11F00A174A3 /* Debug */,
				7C717E2E1D3AA11F00A174A3 /* Release */,
			);
			defaultConfigurationIsVisible = 0;
		};
/* End XCConfigurationList section */
	};
	rootObject = 7C717DF11D3AA11F00A174A3 /* Project object */;
}
